
Microsoft Visual Studio Solution File, Format Version 12.00
# Visual Studio 2013
VisualStudioVersion = 12.0.31101.0
MinimumVisualStudioVersion = 10.0.40219.1
Project("{FAE04EC0-301F-11D3-BF4B-00C04F79EFBC}") = "AutoClick", "AutoClick\AutoClick.csproj", "{3A54045F-1155-447C-9586-4371795FEAC6}"
EndProject
Global
	GlobalSection(SolutionConfigurationPlatforms) = preSolution
		Debug|Any CPU = Debug|Any CPU
		Release|Any CPU = Release|Any CPU
	EndGlobalSection
	GlobalSection(ProjectConfigurationPlatforms) = postSolution
		{3A54045F-1155-447C-9586-4371795FEAC6}.Debug|Any CPU.ActiveCfg = Debug|Any CPU
		{3A54045F-1155-447C-9586-4371795FEAC6}.Debug|Any CPU.Build.0 = Debug|Any CPU
		{3A54045F-1155-447C-9586-4371795FEAC6}.Release|Any CPU.ActiveCfg = Release|Any CPU
		{3A54045F-1155-447C-9586-4371795FEAC6}.Release|Any CPU.Build.0 = Release|Any CPU
	EndGlobalSection
	GlobalSection(SolutionProperties) = preSolution
		HideSolutionNode = FALSE
	EndGlobalSection
EndGlobal
